// !$*UTF8*$!
{
	archiveVersion = 1;
	classes = {
	};
	objectVersion = 50;
	objects = {

/* Begin PBXBuildFile section */
		F11FB4A921418A620096A7CE /* AppDelegate.swift in Sources */ = {isa = PBXBuildFile; fileRef = F11FB4A821418A620096A7CE /* AppDelegate.swift */; };
		F11FB4AE21418A620096A7CE /* Main.storyboard in Resources */ = {isa = PBXBuildFile; fileRef = F11FB4AC21418A620096A7CE /* Main.storyboard */; };
		F11FB4B021418A630096A7CE /* Assets.xcassets in Resources */ = {isa = PBXBuildFile; fileRef = F11FB4AF21418A630096A7CE /* Assets.xcassets */; };
		F11FB4B321418A630096A7CE /* LaunchScreen.storyboard in Resources */ = {isa = PBXBuildFile; fileRef = F11FB4B121418A630096A7CE /* LaunchScreen.storyboard */; };
		F11FB4BE214190010096A7CE /* MapView.storyboard in Resources */ = {isa = PBXBuildFile; fileRef = F11FB4BD214190010096A7CE /* MapView.storyboard */; };
		F11FB4C0214191010096A7CE /* PlacesTable.storyboard in Resources */ = {isa = PBXBuildFile; fileRef = F11FB4BF214191010096A7CE /* PlacesTable.storyboard */; };
		F11FB4C32141954B0096A7CE /* Place.swift in Sources */ = {isa = PBXBuildFile; fileRef = F11FB4C22141954B0096A7CE /* Place.swift */; };
		F11FB4C5214197180096A7CE /* PlacesTabBarController.swift in Sources */ = {isa = PBXBuildFile; fileRef = F11FB4C4214197180096A7CE /* PlacesTabBarController.swift */; };
		F11FB4C8214197770096A7CE /* MapViewController.swift in Sources */ = {isa = PBXBuildFile; fileRef = F11FB4C7214197770096A7CE /* MapViewController.swift */; };
		F11FB4CA214197950096A7CE /* PlacesTableViewController.swift in Sources */ = {isa = PBXBuildFile; fileRef = F11FB4C9214197950096A7CE /* PlacesTableViewController.swift */; };
		F11FB4CC214197EE0096A7CE /* VisitedPlacesViewController.swift in Sources */ = {isa = PBXBuildFile; fileRef = F11FB4CB214197EE0096A7CE /* VisitedPlacesViewController.swift */; };
		F11FB4CE214198040096A7CE /* CreateNewPlacesViewController.swift in Sources */ = {isa = PBXBuildFile; fileRef = F11FB4CD214198040096A7CE /* CreateNewPlacesViewController.swift */; };
		F11FB4D02141994B0096A7CE /* PlaceController.swift in Sources */ = {isa = PBXBuildFile; fileRef = F11FB4CF2141994B0096A7CE /* PlaceController.swift */; };
		F11FB4D221419CEC0096A7CE /* PlacesPresenter.swift in Sources */ = {isa = PBXBuildFile; fileRef = F11FB4D121419CEC0096A7CE /* PlacesPresenter.swift */; };
/* End PBXBuildFile section */

/* Begin PBXFileReference section */
		F11FB4A521418A620096A7CE /* Places.app */ = {isa = PBXFileReference; explicitFileType = wrapper.application; includeInIndex = 0; path = Places.app; sourceTree = BUILT_PRODUCTS_DIR; };
		F11FB4A821418A620096A7CE /* AppDelegate.swift */ = {isa = PBXFileReference; lastKnownFileType = sourcecode.swift; path = AppDelegate.swift; sourceTree = "<group>"; };
		F11FB4AD21418A620096A7CE /* Base */ = {isa = PBXFileReference; lastKnownFileType = file.storyboard; name = Base; path = Base.lproj/Main.storyboard; sourceTree = "<group>"; };
		F11FB4AF21418A630096A7CE /* Assets.xcassets */ = {isa = PBXFileReference; lastKnownFileType = folder.assetcatalog; path = Assets.xcassets; sourceTree = "<group>"; };
		F11FB4B221418A630096A7CE /* Base */ = {isa = PBXFileReference; lastKnownFileType = file.storyboard; name = Base; path = Base.lproj/LaunchScreen.storyboard; sourceTree = "<group>"; };
		F11FB4B421418A630096A7CE /* Info.plist */ = {isa = PBXFileReference; lastKnownFileType = text.plist.xml; path = Info.plist; sourceTree = "<group>"; };
		F11FB4BD214190010096A7CE /* MapView.storyboard */ = {isa = PBXFileReference; lastKnownFileType = file.storyboard; path = MapView.storyboard; sourceTree = "<group>"; };
		F11FB4BF214191010096A7CE /* PlacesTable.storyboard */ = {isa = PBXFileReference; lastKnownFileType = file.storyboard; path = PlacesTable.storyboard; sourceTree = "<group>"; };
		F11FB4C22141954B0096A7CE /* Place.swift */ = {isa = PBXFileReference; lastKnownFileType = sourcecode.swift; path = Place.swift; sourceTree = "<group>"; };
		F11FB4C4214197180096A7CE /* PlacesTabBarController.swift */ = {isa = PBXFileReference; lastKnownFileType = sourcecode.swift; path = PlacesTabBarController.swift; sourceTree = "<group>"; };
		F11FB4C7214197770096A7CE /* MapViewController.swift */ = {isa = PBXFileReference; lastKnownFileType = sourcecode.swift; path = MapViewController.swift; sourceTree = "<group>"; };
		F11FB4C9214197950096A7CE /* PlacesTableViewController.swift */ = {isa = PBXFileReference; lastKnownFileType = sourcecode.swift; path = PlacesTableViewController.swift; sourceTree = "<group>"; };
		F11FB4CB214197EE0096A7CE /* VisitedPlacesViewController.swift */ = {isa = PBXFileReference; lastKnownFileType = sourcecode.swift; path = VisitedPlacesViewController.swift; sourceTree = "<group>"; };
		F11FB4CD214198040096A7CE /* CreateNewPlacesViewController.swift */ = {isa = PBXFileReference; lastKnownFileType = sourcecode.swift; path = CreateNewPlacesViewController.swift; sourceTree = "<group>"; };
		F11FB4CF2141994B0096A7CE /* PlaceController.swift */ = {isa = PBXFileReference; lastKnownFileType = sourcecode.swift; path = PlaceController.swift; sourceTree = "<group>"; };
		F11FB4D121419CEC0096A7CE /* PlacesPresenter.swift */ = {isa = PBXFileReference; lastKnownFileType = sourcecode.swift; path = PlacesPresenter.swift; sourceTree = "<group>"; };
/* End PBXFileReference section */

/* Begin PBXFrameworksBuildPhase section */
		F11FB4A221418A620096A7CE /* Frameworks */ = {
			isa = PBXFrameworksBuildPhase;
			buildActionMask = 2147483647;
			files = (
			);
			runOnlyForDeploymentPostprocessing = 0;
		};
/* End PBXFrameworksBuildPhase section */

/* Begin PBXGroup section */
		F11FB49C21418A620096A7CE = {
			isa = PBXGroup;
			children = (
				F11FB4A721418A620096A7CE /* Places */,
				F11FB4BA21418C300096A7CE /* Resources */,
				F11FB4A621418A620096A7CE /* Products */,
			);
			sourceTree = "<group>";
		};
		F11FB4A621418A620096A7CE /* Products */ = {
			isa = PBXGroup;
			children = (
				F11FB4A521418A620096A7CE /* Places.app */,
			);
			name = Products;
			sourceTree = "<group>";
		};
		F11FB4A721418A620096A7CE /* Places */ = {
			isa = PBXGroup;
			children = (
				F11FB4C1214195370096A7CE /* Model */,
				F11FB4BB21418C450096A7CE /* Storyboards */,
				F11FB4C62141971D0096A7CE /* View Controllers */,
				F11FB4D321419D060096A7CE /* Portocols */,
			);
			path = Places;
			sourceTree = "<group>";
		};
		F11FB4BA21418C300096A7CE /* Resources */ = {
			isa = PBXGroup;
			children = (
				F11FB4A821418A620096A7CE /* AppDelegate.swift */,
				F11FB4AF21418A630096A7CE /* Assets.xcassets */,
				F11FB4B421418A630096A7CE /* Info.plist */,
			);
			path = Resources;
			sourceTree = "<group>";
		};
		F11FB4BB21418C450096A7CE /* Storyboards */ = {
			isa = PBXGroup;
			children = (
				F11FB4AC21418A620096A7CE /* Main.storyboard */,
				F11FB4BD214190010096A7CE /* MapView.storyboard */,
				F11FB4BF214191010096A7CE /* PlacesTable.storyboard */,
				F11FB4B121418A630096A7CE /* LaunchScreen.storyboard */,
			);
			path = Storyboards;
			sourceTree = "<group>";
		};
		F11FB4C1214195370096A7CE /* Model */ = {
			isa = PBXGroup;
			children = (
				F11FB4C22141954B0096A7CE /* Place.swift */,
				F11FB4CF2141994B0096A7CE /* PlaceController.swift */,
			);
			path = Model;
			sourceTree = "<group>";
		};
		F11FB4C62141971D0096A7CE /* View Controllers */ = {
			isa = PBXGroup;
			children = (
				F11FB4C4214197180096A7CE /* PlacesTabBarController.swift */,
				F11FB4C7214197770096A7CE /* MapViewController.swift */,
				F11FB4C9214197950096A7CE /* PlacesTableViewController.swift */,
				F11FB4CB214197EE0096A7CE /* VisitedPlacesViewController.swift */,
				F11FB4CD214198040096A7CE /* CreateNewPlacesViewController.swift */,
			);
			path = "View Controllers";
			sourceTree = "<group>";
		};
		F11FB4D321419D060096A7CE /* Portocols */ = {
			isa = PBXGroup;
			children = (
				F11FB4D121419CEC0096A7CE /* PlacesPresenter.swift */,
			);
			path = Portocols;
			sourceTree = "<group>";
		};
/* End PBXGroup section */

/* Begin PBXNativeTarget section */
		F11FB4A421418A620096A7CE /* Places */ = {
			isa = PBXNativeTarget;
			buildConfigurationList = F11FB4B721418A630096A7CE /* Build configuration list for PBXNativeTarget "Places" */;
			buildPhases = (
				F11FB4A121418A620096A7CE /* Sources */,
				F11FB4A221418A620096A7CE /* Frameworks */,
				F11FB4A321418A620096A7CE /* Resources */,
			);
			buildRules = (
			);
			dependencies = (
			);
			name = Places;
			productName = Places;
			productReference = F11FB4A521418A620096A7CE /* Places.app */;
			productType = "com.apple.product-type.application";
		};
/* End PBXNativeTarget section */

/* Begin PBXProject section */
		F11FB49D21418A620096A7CE /* Project object */ = {
			isa = PBXProject;
			attributes = {
				LastSwiftUpdateCheck = 0940;
				LastUpgradeCheck = 0940;
				ORGANIZATIONNAME = "Scott Bennett";
				TargetAttributes = {
					F11FB4A421418A620096A7CE = {
						CreatedOnToolsVersion = 9.4.1;
					};
				};
			};
			buildConfigurationList = F11FB4A021418A620096A7CE /* Build configuration list for PBXProject "Places" */;
			compatibilityVersion = "Xcode 9.3";
			developmentRegion = en;
			hasScannedForEncodings = 0;
			knownRegions = (
				en,
				Base,
			);
			mainGroup = F11FB49C21418A620096A7CE;
			productRefGroup = F11FB4A621418A620096A7CE /* Products */;
			projectDirPath = "";
			projectRoot = "";
			targets = (
				F11FB4A421418A620096A7CE /* Places */,
			);
		};
/* End PBXProject section */

/* Begin PBXResourcesBuildPhase section */
		F11FB4A321418A620096A7CE /* Resources */ = {
			isa = PBXResourcesBuildPhase;
			buildActionMask = 2147483647;
			files = (
				F11FB4B321418A630096A7CE /* LaunchScreen.storyboard in Resources */,
				F11FB4C0214191010096A7CE /* PlacesTable.storyboard in Resources */,
				F11FB4B021418A630096A7CE /* Assets.xcassets in Resources */,
				F11FB4BE214190010096A7CE /* MapView.storyboard in Resources */,
				F11FB4AE21418A620096A7CE /* Main.storyboard in Resources */,
			);
			runOnlyForDeploymentPostprocessing = 0;
		};
/* End PBXResourcesBuildPhase section */

/* Begin PBXSourcesBuildPhase section */
		F11FB4A121418A620096A7CE /* Sources */ = {
			isa = PBXSourcesBuildPhase;
			buildActionMask = 2147483647;
			files = (
				F11FB4C32141954B0096A7CE /* Place.swift in Sources */,
				F11FB4D221419CEC0096A7CE /* PlacesPresenter.swift in Sources */,
				F11FB4D02141994B0096A7CE /* PlaceController.swift in Sources */,
				F11FB4CC214197EE0096A7CE /* VisitedPlacesViewController.swift in Sources */,
				F11FB4CE214198040096A7CE /* CreateNewPlacesViewController.swift in Sources */,
				F11FB4A921418A620096A7CE /* AppDelegate.swift in Sources */,
				F11FB4C8214197770096A7CE /* MapViewController.swift in Sources */,
				F11FB4C5214197180096A7CE /* PlacesTabBarController.swift in Sources */,
				F11FB4CA214197950096A7CE /* PlacesTableViewController.swift in Sources */,
			);
			runOnlyForDeploymentPostprocessing = 0;
		};
/* End PBXSourcesBuildPhase section */

/* Begin PBXVariantGroup section */
		F11FB4AC21418A620096A7CE /* Main.storyboard */ = {
			isa = PBXVariantGroup;
			children = (
				F11FB4AD21418A620096A7CE /* Base */,
			);
			name = Main.storyboard;
			sourceTree = "<group>";
		};
		F11FB4B121418A630096A7CE /* LaunchScreen.storyboard */ = {
			isa = PBXVariantGroup;
			children = (
				F11FB4B221418A630096A7CE /* Base */,
			);
			name = LaunchScreen.storyboard;
			sourceTree = "<group>";
		};
/* End PBXVariantGroup section */

/* Begin XCBuildConfiguration section */
		F11FB4B521418A630096A7CE /* Debug */ = {
			isa = XCBuildConfiguration;
			buildSettings = {
				ALWAYS_SEARCH_USER_PATHS = NO;
				CLANG_ANALYZER_NONNULL = YES;
				CLANG_ANALYZER_NUMBER_OBJECT_CONVERSION = YES_AGGRESSIVE;
				CLANG_CXX_LANGUAGE_STANDARD = "gnu++14";
				CLANG_CXX_LIBRARY = "libc++";
				CLANG_ENABLE_MODULES = YES;
				CLANG_ENABLE_OBJC_ARC = YES;
				CLANG_ENABLE_OBJC_WEAK = YES;
				CLANG_WARN_BLOCK_CAPTURE_AUTORELEASING = YES;
				CLANG_WARN_BOOL_CONVERSION = YES;
				CLANG_WARN_COMMA = YES;
				CLANG_WARN_CONSTANT_CONVERSION = YES;
				CLANG_WARN_DEPRECATED_OBJC_IMPLEMENTATIONS = YES;
				CLANG_WARN_DIRECT_OBJC_ISA_USAGE = YES_ERROR;
				CLANG_WARN_DOCUMENTATION_COMMENTS = YES;
				CLANG_WARN_EMPTY_BODY = YES;
				CLANG_WARN_ENUM_CONVERSION = YES;
				CLANG_WARN_INFINITE_RECURSION = YES;
				CLANG_WARN_INT_CONVERSION = YES;
				CLANG_WARN_NON_LITERAL_NULL_CONVERSION = YES;
				CLANG_WARN_OBJC_IMPLICIT_RETAIN_SELF = YES;
				CLANG_WARN_OBJC_LITERAL_CONVERSION = YES;
				CLANG_WARN_OBJC_ROOT_CLASS = YES_ERROR;
				CLANG_WARN_RANGE_LOOP_ANALYSIS = YES;
				CLANG_WARN_STRICT_PROTOTYPES = YES;
				CLANG_WARN_SUSPICIOUS_MOVE = YES;
				CLANG_WARN_UNGUARDED_AVAILABILITY = YES_AGGRESSIVE;
				CLANG_WARN_UNREACHABLE_CODE = YES;
				CLANG_WARN__DUPLICATE_METHOD_MATCH = YES;
				CODE_SIGN_IDENTITY = "iPhone Developer";
				COPY_PHASE_STRIP = NO;
				DEBUG_INFORMATION_FORMAT = dwarf;
				ENABLE_STRICT_OBJC_MSGSEND = YES;
				ENABLE_TESTABILITY = YES;
				GCC_C_LANGUAGE_STANDARD = gnu11;
				GCC_DYNAMIC_NO_PIC = NO;
				GCC_NO_COMMON_BLOCKS = YES;
				GCC_OPTIMIZATION_LEVEL = 0;
				GCC_PREPROCESSOR_DEFINITIONS = (
					"DEBUG=1",
					"$(inherited)",
				);
				GCC_WARN_64_TO_32_BIT_CONVERSION = YES;
				GCC_WARN_ABOUT_RETURN_TYPE = YES_ERROR;
				GCC_WARN_UNDECLARED_SELECTOR = YES;
				GCC_WARN_UNINITIALIZED_AUTOS = YES_AGGRESSIVE;
				GCC_WARN_UNUSED_FUNCTION = YES;
				GCC_WARN_UNUSED_VARIABLE = YES;
				IPHONEOS_DEPLOYMENT_TARGET = 11.4;
				MTL_ENABLE_DEBUG_INFO = YES;
				ONLY_ACTIVE_ARCH = YES;
				SDKROOT = iphoneos;
				SWIFT_ACTIVE_COMPILATION_CONDITIONS = DEBUG;
				SWIFT_OPTIMIZATION_LEVEL = "-Onone";
			};
			name = Debug;
		};
		F11FB4B621418A630096A7CE /* Release */ = {
			isa = XCBuildConfiguration;
			buildSettings = {
				ALWAYS_SEARCH_USER_PATHS = NO;
				CLANG_ANALYZER_NONNULL = YES;
				CLANG_ANALYZER_NUMBER_OBJECT_CONVERSION = YES_AGGRESSIVE;
				CLANG_CXX_LANGUAGE_STANDARD = "gnu++14";
				CLANG_CXX_LIBRARY = "libc++";
				CLANG_ENABLE_MODULES = YES;
				CLANG_ENABLE_OBJC_ARC = YES;
				CLANG_ENABLE_OBJC_WEAK = YES;
				CLANG_WARN_BLOCK_CAPTURE_AUTORELEASING = YES;
				CLANG_WARN_BOOL_CONVERSION = YES;
				CLANG_WARN_COMMA = YES;
				CLANG_WARN_CONSTANT_CONVERSION = YES;
				CLANG_WARN_DEPRECATED_OBJC_IMPLEMENTATIONS = YES;
				CLANG_WARN_DIRECT_OBJC_ISA_USAGE = YES_ERROR;
				CLANG_WARN_DOCUMENTATION_COMMENTS = YES;
				CLANG_WARN_EMPTY_BODY = YES;
				CLANG_WARN_ENUM_CONVERSION = YES;
				CLANG_WARN_INFINITE_RECURSION = YES;
				CLANG_WARN_INT_CONVERSION = YES;
				CLANG_WARN_NON_LITERAL_NULL_CONVERSION = YES;
				CLANG_WARN_OBJC_IMPLICIT_RETAIN_SELF = YES;
				CLANG_WARN_OBJC_LITERAL_CONVERSION = YES;
				CLANG_WARN_OBJC_ROOT_CLASS = YES_ERROR;
				CLANG_WARN_RANGE_LOOP_ANALYSIS = YES;
				CLANG_WARN_STRICT_PROTOTYPES = YES;
				CLANG_WARN_SUSPICIOUS_MOVE = YES;
				CLANG_WARN_UNGUARDED_AVAILABILITY = YES_AGGRESSIVE;
				CLANG_WARN_UNREACHABLE_CODE = YES;
				CLANG_WARN__DUPLICATE_METHOD_MATCH = YES;
				CODE_SIGN_IDENTITY = "iPhone Developer";
				COPY_PHASE_STRIP = NO;
				DEBUG_INFORMATION_FORMAT = "dwarf-with-dsym";
				ENABLE_NS_ASSERTIONS = NO;
				ENABLE_STRICT_OBJC_MSGSEND = YES;
				GCC_C_LANGUAGE_STANDARD = gnu11;
				GCC_NO_COMMON_BLOCKS = YES;
				GCC_WARN_64_TO_32_BIT_CONVERSION = YES;
				GCC_WARN_ABOUT_RETURN_TYPE = YES_ERROR;
				GCC_WARN_UNDECLARED_SELECTOR = YES;
				GCC_WARN_UNINITIALIZED_AUTOS = YES_AGGRESSIVE;
				GCC_WARN_UNUSED_FUNCTION = YES;
				GCC_WARN_UNUSED_VARIABLE = YES;
				IPHONEOS_DEPLOYMENT_TARGET = 11.4;
				MTL_ENABLE_DEBUG_INFO = NO;
				SDKROOT = iphoneos;
				SWIFT_COMPILATION_MODE = wholemodule;
				SWIFT_OPTIMIZATION_LEVEL = "-O";
				VALIDATE_PRODUCT = YES;
			};
			name = Release;
		};
		F11FB4B821418A630096A7CE /* Debug */ = {
			isa = XCBuildConfiguration;
			buildSettings = {
				ASSETCATALOG_COMPILER_APPICON_NAME = AppIcon;
				CODE_SIGN_STYLE = Automatic;
				DEVELOPMENT_TEAM = 5KBWP959TD;
				INFOPLIST_FILE = "$(SRCROOT)/Resources/Info.plist";
				LD_RUNPATH_SEARCH_PATHS = (
					"$(inherited)",
					"@executable_path/Frameworks",
				);
				PRODUCT_BUNDLE_IDENTIFIER = com.expertservices.Places;
				PRODUCT_NAME = "$(TARGET_NAME)";
				SWIFT_VERSION = 4.0;
				TARGETED_DEVICE_FAMILY = "1,2";
			};
			name = Debug;
		};
		F11FB4B921418A630096A7CE /* Release */ = {
			isa = XCBuildConfiguration;
			buildSettings = {
				ASSETCATALOG_COMPILER_APPICON_NAME = AppIcon;
				CODE_SIGN_STYLE = Automatic;
				DEVELOPMENT_TEAM = 5KBWP959TD;
				INFOPLIST_FILE = "$(SRCROOT)/Resources/Info.plist";
				LD_RUNPATH_SEARCH_PATHS = (
					"$(inherited)",
					"@executable_path/Frameworks",
				);
				PRODUCT_BUNDLE_IDENTIFIER = com.expertservices.Places;
				PRODUCT_NAME = "$(TARGET_NAME)";
				SWIFT_VERSION = 4.0;
				TARGETED_DEVICE_FAMILY = "1,2";
			};
			name = Release;
		};
/* End XCBuildConfiguration section */

/* Begin XCConfigurationList section */
		F11FB4A021418A620096A7CE /* Build configuration list for PBXProject "Places" */ = {
			isa = XCConfigurationList;
			buildConfigurations = (
				F11FB4B521418A630096A7CE /* Debug */,
				F11FB4B621418A630096A7CE /* Release */,
			);
			defaultConfigurationIsVisible = 0;
			defaultConfigurationName = Release;
		};
		F11FB4B721418A630096A7CE /* Build configuration list for PBXNativeTarget "Places" */ = {
			isa = XCConfigurationList;
			buildConfigurations = (
				F11FB4B821418A630096A7CE /* Debug */,
				F11FB4B921418A630096A7CE /* Release */,
			);
			defaultConfigurationIsVisible = 0;
			defaultConfigurationName = Release;
		};
/* End XCConfigurationList section */
	};
	rootObject = F11FB49D21418A620096A7CE /* Project object */;
}
